
Microsoft Visual Studio Solution File, Format Version 12.00
# Visual Studio 15
VisualStudioVersion = 15.0.27703.2035
MinimumVisualStudioVersion = 10.0.40219.1
Project("{2150E333-8FDC-42A3-9474-1A3956D46DE8}") = "1 - Presentation", "1 - Presentation", "{682472C5-8FFC-45E2-BC6C-C023BC802E6E}"
EndProject
Project("{2150E333-8FDC-42A3-9474-1A3956D46DE8}") = "2 - Services", "2 - Services", "{01ADE89C-8AC5-48E2-B7C9-ACF7FF3530D9}"
EndProject
Project("{2150E333-8FDC-42A3-9474-1A3956D46DE8}") = "3 - Application", "3 - Application", "{E04FF996-C0D0-49ED-8275-611D949EDE61}"
EndProject
Project("{2150E333-8FDC-42A3-9474-1A3956D46DE8}") = "4 - Domain", "4 - Domain", "{B4914123-EBED-468F-BCC4-CD61B89EF32E}"
EndProject
Project("{2150E333-8FDC-42A3-9474-1A3956D46DE8}") = "5 - Infra", "5 - Infra", "{A1FD2F8D-102C-41B9-98C8-51010C1612A3}"
EndProject
Project("{9A19103F-16F7-4668-BE54-9A1E7A4F7556}") = "SeuEvento.Domain", "src\SeuEvento.Domain\SeuEvento.Domain.csproj", "{314A8C18-7672-4DE9-8D41-82A41303C7A4}"
EndProject
Project("{9A19103F-16F7-4668-BE54-9A1E7A4F7556}") = "SeuEvento.Domain.Core", "src\SeuEvento.Domain.Core\SeuEvento.Domain.Core.csproj", "{305A09A3-D126-47BE-B566-7B6A3A3415B5}"
EndProject
Project("{9A19103F-16F7-4668-BE54-9A1E7A4F7556}") = "ConsoleTest", "src\ConsoleTest\ConsoleTest.csproj", "{A937E99C-B8B2-4921-B738-DC56FF689DC7}"
EndProject
Project("{2150E333-8FDC-42A3-9474-1A3956D46DE8}") = "5.1 - Data", "5.1 - Data", "{AA783313-F2F5-40A2-923D-E2A7C1BC5472}"
EndProject
Project("{2150E333-8FDC-42A3-9474-1A3956D46DE8}") = "5.2 - CrossCutting", "5.2 - CrossCutting", "{5D49F6ED-91ED-41CD-9CCB-987A618156C0}"
EndProject
Project("{9A19103F-16F7-4668-BE54-9A1E7A4F7556}") = "SeuEvento.Infra.Data", "src\SeuEvento.Infra.Data\SeuEvento.Infra.Data.csproj", "{8DD30404-C3CA-478E-9399-EBEDEEF08B87}"
EndProject
Project("{FAE04EC0-301F-11D3-BF4B-00C04F79EFBC}") = "SeuEvento.Application", "src\SeuEvento.Application\SeuEvento.Application.csproj", "{D2ED9235-BBBC-46CA-9727-DC5173E1991D}"
EndProject
Global
	GlobalSection(SolutionConfigurationPlatforms) = preSolution
		Debug|Any CPU = Debug|Any CPU
		Release|Any CPU = Release|Any CPU
	EndGlobalSection
	GlobalSection(ProjectConfigurationPlatforms) = postSolution
		{314A8C18-7672-4DE9-8D41-82A41303C7A4}.Debug|Any CPU.ActiveCfg = Debug|Any CPU
		{314A8C18-7672-4DE9-8D41-82A41303C7A4}.Debug|Any CPU.Build.0 = Debug|Any CPU
		{314A8C18-7672-4DE9-8D41-82A41303C7A4}.Release|Any CPU.ActiveCfg = Release|Any CPU
		{314A8C18-7672-4DE9-8D41-82A41303C7A4}.Release|Any CPU.Build.0 = Release|Any CPU
		{305A09A3-D126-47BE-B566-7B6A3A3415B5}.Debug|Any CPU.ActiveCfg = Debug|Any CPU
		{305A09A3-D126-47BE-B566-7B6A3A3415B5}.Debug|Any CPU.Build.0 = Debug|Any CPU
		{305A09A3-D126-47BE-B566-7B6A3A3415B5}.Release|Any CPU.ActiveCfg = Release|Any CPU
		{305A09A3-D126-47BE-B566-7B6A3A3415B5}.Release|Any CPU.Build.0 = Release|Any CPU
		{A937E99C-B8B2-4921-B738-DC56FF689DC7}.Debug|Any CPU.ActiveCfg = Debug|Any CPU
		{A937E99C-B8B2-4921-B738-DC56FF689DC7}.Debug|Any CPU.Build.0 = Debug|Any CPU
		{A937E99C-B8B2-4921-B738-DC56FF689DC7}.Release|Any CPU.ActiveCfg = Release|Any CPU
		{A937E99C-B8B2-4921-B738-DC56FF689DC7}.Release|Any CPU.Build.0 = Release|Any CPU
		{8DD30404-C3CA-478E-9399-EBEDEEF08B87}.Debug|Any CPU.ActiveCfg = Debug|Any CPU
		{8DD30404-C3CA-478E-9399-EBEDEEF08B87}.Debug|Any CPU.Build.0 = Debug|Any CPU
		{8DD30404-C3CA-478E-9399-EBEDEEF08B87}.Release|Any CPU.ActiveCfg = Release|Any CPU
		{8DD30404-C3CA-478E-9399-EBEDEEF08B87}.Release|Any CPU.Build.0 = Release|Any CPU
		{D2ED9235-BBBC-46CA-9727-DC5173E1991D}.Debug|Any CPU.ActiveCfg = Debug|Any CPU
		{D2ED9235-BBBC-46CA-9727-DC5173E1991D}.Debug|Any CPU.Build.0 = Debug|Any CPU
		{D2ED9235-BBBC-46CA-9727-DC5173E1991D}.Release|Any CPU.ActiveCfg = Release|Any CPU
		{D2ED9235-BBBC-46CA-9727-DC5173E1991D}.Release|Any CPU.Build.0 = Release|Any CPU
	EndGlobalSection
	GlobalSection(SolutionProperties) = preSolution
		HideSolutionNode = FALSE
	EndGlobalSection
	GlobalSection(NestedProjects) = preSolution
		{314A8C18-7672-4DE9-8D41-82A41303C7A4} = {B4914123-EBED-468F-BCC4-CD61B89EF32E}
		{305A09A3-D126-47BE-B566-7B6A3A3415B5} = {B4914123-EBED-468F-BCC4-CD61B89EF32E}
		{A937E99C-B8B2-4921-B738-DC56FF689DC7} = {B4914123-EBED-468F-BCC4-CD61B89EF32E}
		{AA783313-F2F5-40A2-923D-E2A7C1BC5472} = {A1FD2F8D-102C-41B9-98C8-51010C1612A3}
		{5D49F6ED-91ED-41CD-9CCB-987A618156C0} = {A1FD2F8D-102C-41B9-98C8-51010C1612A3}
		{8DD30404-C3CA-478E-9399-EBEDEEF08B87} = {AA783313-F2F5-40A2-923D-E2A7C1BC5472}
		{D2ED9235-BBBC-46CA-9727-DC5173E1991D} = {E04FF996-C0D0-49ED-8275-611D949EDE61}
	EndGlobalSection
	GlobalSection(ExtensibilityGlobals) = postSolution
		SolutionGuid = {BDF888EF-6C61-474C-BEC2-2023EAA3C683}
	EndGlobalSection
EndGlobal
